// !$*UTF8*$!
{
	archiveVersion = 1;
	classes = {
	};
	objectVersion = 46;
	objects = {

/* Begin PBXBuildFile section */
		2190523C1BEEA92400171B2D /* AppDelegate.swift in Sources */ = {isa = PBXBuildFile; fileRef = 2190523B1BEEA92400171B2D /* AppDelegate.swift */; };
		2190523E1BEEA92400171B2D /* ViewController.swift in Sources */ = {isa = PBXBuildFile; fileRef = 2190523D1BEEA92400171B2D /* ViewController.swift */; };
		219052411BEEA92400171B2D /* Main.storyboard in Resources */ = {isa = PBXBuildFile; fileRef = 2190523F1BEEA92400171B2D /* Main.storyboard */; };
		219052431BEEA92400171B2D /* Images.xcassets in Resources */ = {isa = PBXBuildFile; fileRef = 219052421BEEA92400171B2D /* Images.xcassets */; };
		219052461BEEA92400171B2D /* LaunchScreen.xib in Resources */ = {isa = PBXBuildFile; fileRef = 219052441BEEA92400171B2D /* LaunchScreen.xib */; };
		219052521BEEA92400171B2D /* CalculatorTests.swift in Sources */ = {isa = PBXBuildFile; fileRef = 219052511BEEA92400171B2D /* CalculatorTests.swift */; };
/* End PBXBuildFile section */

/* Begin PBXContainerItemProxy section */
		2190524C1BEEA92400171B2D /* PBXContainerItemProxy */ = {
			isa = PBXContainerItemProxy;
			containerPortal = 2190522E1BEEA92400171B2D /* Project object */;
			proxyType = 1;
			remoteGlobalIDString = 219052351BEEA92400171B2D;
			remoteInfo = Calculator;
		};
/* End PBXContainerItemProxy section */

/* Begin PBXFileReference section */
		219052361BEEA92400171B2D /* Calculator.app */ = {isa = PBXFileReference; explicitFileType = wrapper.application; includeInIndex = 0; path = Calculator.app; sourceTree = BUILT_PRODUCTS_DIR; };
		2190523A1BEEA92400171B2D /* Info.plist */ = {isa = PBXFileReference; lastKnownFileType = text.plist.xml; path = Info.plist; sourceTree = "<group>"; };
		2190523B1BEEA92400171B2D /* AppDelegate.swift */ = {isa = PBXFileReference; lastKnownFileType = sourcecode.swift; path = AppDelegate.swift; sourceTree = "<group>"; };
		2190523D1BEEA92400171B2D /* ViewController.swift */ = {isa = PBXFileReference; lastKnownFileType = sourcecode.swift; path = ViewController.swift; sourceTree = "<group>"; };
		219052401BEEA92400171B2D /* Base */ = {isa = PBXFileReference; lastKnownFileType = file.storyboard; name = Base; path = Base.lproj/Main.storyboard; sourceTree = "<group>"; };
		219052421BEEA92400171B2D /* Images.xcassets */ = {isa = PBXFileReference; lastKnownFileType = folder.assetcatalog; path = Images.xcassets; sourceTree = "<group>"; };
		219052451BEEA92400171B2D /* Base */ = {isa = PBXFileReference; lastKnownFileType = file.xib; name = Base; path = Base.lproj/LaunchScreen.xib; sourceTree = "<group>"; };
		2190524B1BEEA92400171B2D /* CalculatorTests.xctest */ = {isa = PBXFileReference; explicitFileType = wrapper.cfbundle; includeInIndex = 0; path = CalculatorTests.xctest; sourceTree = BUILT_PRODUCTS_DIR; };
		219052501BEEA92400171B2D /* Info.plist */ = {isa = PBXFileReference; lastKnownFileType = text.plist.xml; path = Info.plist; sourceTree = "<group>"; };
		219052511BEEA92400171B2D /* CalculatorTests.swift */ = {isa = PBXFileReference; lastKnownFileType = sourcecode.swift; path = CalculatorTests.swift; sourceTree = "<group>"; };
/* End PBXFileReference section */

/* Begin PBXFrameworksBuildPhase section */
		219052331BEEA92400171B2D /* Frameworks */ = {
			isa = PBXFrameworksBuildPhase;
			buildActionMask = 2147483647;
			files = (
			);
			runOnlyForDeploymentPostprocessing = 0;
		};
		219052481BEEA92400171B2D /* Frameworks */ = {
			isa = PBXFrameworksBuildPhase;
			buildActionMask = 2147483647;
			files = (
			);
			runOnlyForDeploymentPostprocessing = 0;
		};
/* End PBXFrameworksBuildPhase section */

/* Begin PBXGroup section */
		2190522D1BEEA92400171B2D = {
			isa = PBXGroup;
			children = (
				219052381BEEA92400171B2D /* Calculator */,
				2190524E1BEEA92400171B2D /* CalculatorTests */,
				219052371BEEA92400171B2D /* Products */,
			);
			sourceTree = "<group>";
		};
		219052371BEEA92400171B2D /* Products */ = {
			isa = PBXGroup;
			children = (
				219052361BEEA92400171B2D /* Calculator.app */,
				2190524B1BEEA92400171B2D /* CalculatorTests.xctest */,
			);
			name = Products;
			sourceTree = "<group>";
		};
		219052381BEEA92400171B2D /* Calculator */ = {
			isa = PBXGroup;
			children = (
				2190523B1BEEA92400171B2D /* AppDelegate.swift */,
				2190523D1BEEA92400171B2D /* ViewController.swift */,
				2190523F1BEEA92400171B2D /* Main.storyboard */,
				219052421BEEA92400171B2D /* Images.xcassets */,
				219052441BEEA92400171B2D /* LaunchScreen.xib */,
				219052391BEEA92400171B2D /* Supporting Files */,
			);
			path = Calculator;
			sourceTree = "<group>";
		};
		219052391BEEA92400171B2D /* Supporting Files */ = {
			isa = PBXGroup;
			children = (
				2190523A1BEEA92400171B2D /* Info.plist */,
			);
			name = "Supporting Files";
			sourceTree = "<group>";
		};
		2190524E1BEEA92400171B2D /* CalculatorTests */ = {
			isa = PBXGroup;
			children = (
				219052511BEEA92400171B2D /* CalculatorTests.swift */,
				2190524F1BEEA92400171B2D /* Supporting Files */,
			);
			path = CalculatorTests;
			sourceTree = "<group>";
		};
		2190524F1BEEA92400171B2D /* Supporting Files */ = {
			isa = PBXGroup;
			children = (
				219052501BEEA92400171B2D /* Info.plist */,
			);
			name = "Supporting Files";
			sourceTree = "<group>";
		};
/* End PBXGroup section */

/* Begin PBXNativeTarget section */
		219052351BEEA92400171B2D /* Calculator */ = {
			isa = PBXNativeTarget;
			buildConfigurationList = 219052551BEEA92400171B2D /* Build configuration list for PBXNativeTarget "Calculator" */;
			buildPhases = (
				219052321BEEA92400171B2D /* Sources */,
				219052331BEEA92400171B2D /* Frameworks */,
				219052341BEEA92400171B2D /* Resources */,
			);
			buildRules = (
			);
			dependencies = (
			);
			name = Calculator;
			productName = Calculator;
			productReference = 219052361BEEA92400171B2D /* Calculator.app */;
			productType = "com.apple.product-type.application";
		};
		2190524A1BEEA92400171B2D /* CalculatorTests */ = {
			isa = PBXNativeTarget;
			buildConfigurationList = 219052581BEEA92400171B2D /* Build configuration list for PBXNativeTarget "CalculatorTests" */;
			buildPhases = (
				219052471BEEA92400171B2D /* Sources */,
				219052481BEEA92400171B2D /* Frameworks */,
				219052491BEEA92400171B2D /* Resources */,
			);
			buildRules = (
			);
			dependencies = (
				2190524D1BEEA92400171B2D /* PBXTargetDependency */,
			);
			name = CalculatorTests;
			productName = CalculatorTests;
			productReference = 2190524B1BEEA92400171B2D /* CalculatorTests.xctest */;
			productType = "com.apple.product-type.bundle.unit-test";
		};
/* End PBXNativeTarget section */

/* Begin PBXProject section */
		2190522E1BEEA92400171B2D /* Project object */ = {
			isa = PBXProject;
			attributes = {
				LastUpgradeCheck = 0640;
				ORGANIZATIONNAME = "Reyana Fayyaz";
				TargetAttributes = {
					219052351BEEA92400171B2D = {
						CreatedOnToolsVersion = 6.4;
					};
					2190524A1BEEA92400171B2D = {
						CreatedOnToolsVersion = 6.4;
						TestTargetID = 219052351BEEA92400171B2D;
					};
				};
			};
			buildConfigurationList = 219052311BEEA92400171B2D /* Build configuration list for PBXProject "Calculator" */;
			compatibilityVersion = "Xcode 3.2";
			developmentRegion = English;
			hasScannedForEncodings = 0;
			knownRegions = (
				en,
				Base,
			);
			mainGroup = 2190522D1BEEA92400171B2D;
			productRefGroup = 219052371BEEA92400171B2D /* Products */;
			projectDirPath = "";
			projectRoot = "";
			targets = (
				219052351BEEA92400171B2D /* Calculator */,
				2190524A1BEEA92400171B2D /* CalculatorTests */,
			);
		};
/* End PBXProject section */

/* Begin PBXResourcesBuildPhase section */
		219052341BEEA92400171B2D /* Resources */ = {
			isa = PBXResourcesBuildPhase;
			buildActionMask = 2147483647;
			files = (
				219052411BEEA92400171B2D /* Main.storyboard in Resources */,
				219052461BEEA92400171B2D /* LaunchScreen.xib in Resources */,
				219052431BEEA92400171B2D /* Images.xcassets in Resources */,
			);
			runOnlyForDeploymentPostprocessing = 0;
		};
		219052491BEEA92400171B2D /* Resources */ = {
			isa = PBXResourcesBuildPhase;
			buildActionMask = 2147483647;
			files = (
			);
			runOnlyForDeploymentPostprocessing = 0;
		};
/* End PBXResourcesBuildPhase section */

/* Begin PBXSourcesBuildPhase section */
		219052321BEEA92400171B2D /* Sources */ = {
			isa = PBXSourcesBuildPhase;
			buildActionMask = 2147483647;
			files = (
				2190523E1BEEA92400171B2D /* ViewController.swift in Sources */,
				2190523C1BEEA92400171B2D /* AppDelegate.swift in Sources */,
			);
			runOnlyForDeploymentPostprocessing = 0;
		};
		219052471BEEA92400171B2D /* Sources */ = {
			isa = PBXSourcesBuildPhase;
			buildActionMask = 2147483647;
			files = (
				219052521BEEA92400171B2D /* CalculatorTests.swift in Sources */,
			);
			runOnlyForDeploymentPostprocessing = 0;
		};
/* End PBXSourcesBuildPhase section */

/* Begin PBXTargetDependency section */
		2190524D1BEEA92400171B2D /* PBXTargetDependency */ = {
			isa = PBXTargetDependency;
			target = 219052351BEEA92400171B2D /* Calculator */;
			targetProxy = 2190524C1BEEA92400171B2D /* PBXContainerItemProxy */;
		};
/* End PBXTargetDependency section */

/* Begin PBXVariantGroup section */
		2190523F1BEEA92400171B2D /* Main.storyboard */ = {
			isa = PBXVariantGroup;
			children = (
				219052401BEEA92400171B2D /* Base */,
			);
			name = Main.storyboard;
			sourceTree = "<group>";
		};
		219052441BEEA92400171B2D /* LaunchScreen.xib */ = {
			isa = PBXVariantGroup;
			children = (
				219052451BEEA92400171B2D /* Base */,
			);
			name = LaunchScreen.xib;
			sourceTree = "<group>";
		};
/* End PBXVariantGroup section */

/* Begin XCBuildConfiguration section */
		219052531BEEA92400171B2D /* Debug */ = {
			isa = XCBuildConfiguration;
			buildSettings = {
				ALWAYS_SEARCH_USER_PATHS = NO;
				CLANG_CXX_LANGUAGE_STANDARD = "gnu++0x";
				CLANG_CXX_LIBRARY = "libc++";
				CLANG_ENABLE_MODULES = YES;
				CLANG_ENABLE_OBJC_ARC = YES;
				CLANG_WARN_BOOL_CONVERSION = YES;
				CLANG_WARN_CONSTANT_CONVERSION = YES;
				CLANG_WARN_DIRECT_OBJC_ISA_USAGE = YES_ERROR;
				CLANG_WARN_EMPTY_BODY = YES;
				CLANG_WARN_ENUM_CONVERSION = YES;
				CLANG_WARN_INT_CONVERSION = YES;
				CLANG_WARN_OBJC_ROOT_CLASS = YES_ERROR;
				CLANG_WARN_UNREACHABLE_CODE = YES;
				CLANG_WARN__DUPLICATE_METHOD_MATCH = YES;
				"CODE_SIGN_IDENTITY[sdk=iphoneos*]" = "iPhone Developer";
				COPY_PHASE_STRIP = NO;
				DEBUG_INFORMATION_FORMAT = "dwarf-with-dsym";
				ENABLE_STRICT_OBJC_MSGSEND = YES;
				GCC_C_LANGUAGE_STANDARD = gnu99;
				GCC_DYNAMIC_NO_PIC = NO;
				GCC_NO_COMMON_BLOCKS = YES;
				GCC_OPTIMIZATION_LEVEL = 0;
				GCC_PREPROCESSOR_DEFINITIONS = (
					"DEBUG=1",
					"$(inherited)",
				);
				GCC_SYMBOLS_PRIVATE_EXTERN = NO;
				GCC_WARN_64_TO_32_BIT_CONVERSION = YES;
				GCC_WARN_ABOUT_RETURN_TYPE = YES_ERROR;
				GCC_WARN_UNDECLARED_SELECTOR = YES;
				GCC_WARN_UNINITIALIZED_AUTOS = YES_AGGRESSIVE;
				GCC_WARN_UNUSED_FUNCTION = YES;
				GCC_WARN_UNUSED_VARIABLE = YES;
				IPHONEOS_DEPLOYMENT_TARGET = 8.4;
				MTL_ENABLE_DEBUG_INFO = YES;
				ONLY_ACTIVE_ARCH = YES;
				SDKROOT = iphoneos;
				SWIFT_OPTIMIZATION_LEVEL = "-Onone";
				TARGETED_DEVICE_FAMILY = "1,2";
			};
			name = Debug;
		};
		219052541BEEA92400171B2D /* Release */ = {
			isa = XCBuildConfiguration;
			buildSettings = {
				ALWAYS_SEARCH_USER_PATHS = NO;
				CLANG_CXX_LANGUAGE_STANDARD = "gnu++0x";
				CLANG_CXX_LIBRARY = "libc++";
				CLANG_ENABLE_MODULES = YES;
				CLANG_ENABLE_OBJC_ARC = YES;
				CLANG_WARN_BOOL_CONVERSION = YES;
				CLANG_WARN_CONSTANT_CONVERSION = YES;
				CLANG_WARN_DIRECT_OBJC_ISA_USAGE = YES_ERROR;
				CLANG_WARN_EMPTY_BODY = YES;
				CLANG_WARN_ENUM_CONVERSION = YES;
				CLANG_WARN_INT_CONVERSION = YES;
				CLANG_WARN_OBJC_ROOT_CLASS = YES_ERROR;
				CLANG_WARN_UNREACHABLE_CODE = YES;
				CLANG_WARN__DUPLICATE_METHOD_MATCH = YES;
				"CODE_SIGN_IDENTITY[sdk=iphoneos*]" = "iPhone Developer";
				COPY_PHASE_STRIP = NO;
				DEBUG_INFORMATION_FORMAT = "dwarf-with-dsym";
				ENABLE_NS_ASSERTIONS = NO;
				ENABLE_STRICT_OBJC_MSGSEND = YES;
				GCC_C_LANGUAGE_STANDARD = gnu99;
				GCC_NO_COMMON_BLOCKS = YES;
				GCC_WARN_64_TO_32_BIT_CONVERSION = YES;
				GCC_WARN_ABOUT_RETURN_TYPE = YES_ERROR;
				GCC_WARN_UNDECLARED_SELECTOR = YES;
				GCC_WARN_UNINITIALIZED_AUTOS = YES_AGGRESSIVE;
				GCC_WARN_UNUSED_FUNCTION = YES;
				GCC_WARN_UNUSED_VARIABLE = YES;
				IPHONEOS_DEPLOYMENT_TARGET = 8.4;
				MTL_ENABLE_DEBUG_INFO = NO;
				SDKROOT = iphoneos;
				TARGETED_DEVICE_FAMILY = "1,2";
				VALIDATE_PRODUCT = YES;
			};
			name = Release;
		};
		219052561BEEA92400171B2D /* Debug */ = {
			isa = XCBuildConfiguration;
			buildSettings = {
				ASSETCATALOG_COMPILER_APPICON_NAME = AppIcon;
				INFOPLIST_FILE = Calculator/Info.plist;
				LD_RUNPATH_SEARCH_PATHS = "$(inherited) @executable_path/Frameworks";
				PRODUCT_NAME = "$(TARGET_NAME)";
			};
			name = Debug;
		};
		219052571BEEA92400171B2D /* Release */ = {
			isa = XCBuildConfiguration;
			buildSettings = {
				ASSETCATALOG_COMPILER_APPICON_NAME = AppIcon;
				INFOPLIST_FILE = Calculator/Info.plist;
				LD_RUNPATH_SEARCH_PATHS = "$(inherited) @executable_path/Frameworks";
				PRODUCT_NAME = "$(TARGET_NAME)";
			};
			name = Release;
		};
		219052591BEEA92400171B2D /* Debug */ = {
			isa = XCBuildConfiguration;
			buildSettings = {
				BUNDLE_LOADER = "$(TEST_HOST)";
				FRAMEWORK_SEARCH_PATHS = (
					"$(SDKROOT)/Developer/Library/Frameworks",
					"$(inherited)",
				);
				GCC_PREPROCESSOR_DEFINITIONS = (
					"DEBUG=1",
					"$(inherited)",
				);
				INFOPLIST_FILE = CalculatorTests/Info.plist;
				LD_RUNPATH_SEARCH_PATHS = "$(inherited) @executable_path/Frameworks @loader_path/Frameworks";
				PRODUCT_NAME = "$(TARGET_NAME)";
				TEST_HOST = "$(BUILT_PRODUCTS_DIR)/Calculator.app/Calculator";
			};
			name = Debug;
		};
		2190525A1BEEA92400171B2D /* Release */ = {
			isa = XCBuildConfiguration;
			buildSettings = {
				BUNDLE_LOADER = "$(TEST_HOST)";
				FRAMEWORK_SEARCH_PATHS = (
					"$(SDKROOT)/Developer/Library/Frameworks",
					"$(inherited)",
				);
				INFOPLIST_FILE = CalculatorTests/Info.plist;
				LD_RUNPATH_SEARCH_PATHS = "$(inherited) @executable_path/Frameworks @loader_path/Frameworks";
				PRODUCT_NAME = "$(TARGET_NAME)";
				TEST_HOST = "$(BUILT_PRODUCTS_DIR)/Calculator.app/Calculator";
			};
			name = Release;
		};
/* End XCBuildConfiguration section */

/* Begin XCConfigurationList section */
		219052311BEEA92400171B2D /* Build configuration list for PBXProject "Calculator" */ = {
			isa = XCConfigurationList;
			buildConfigurations = (
				219052531BEEA92400171B2D /* Debug */,
				219052541BEEA92400171B2D /* Release */,
			);
			defaultConfigurationIsVisible = 0;
			defaultConfigurationName = Release;
		};
		219052551BEEA92400171B2D /* Build configuration list for PBXNativeTarget "Calculator" */ = {
			isa = XCConfigurationList;
			buildConfigurations = (
				219052561BEEA92400171B2D /* Debug */,
				219052571BEEA92400171B2D /* Release */,
			);
			defaultConfigurationIsVisible = 0;
		};
		219052581BEEA92400171B2D /* Build configuration list for PBXNativeTarget "CalculatorTests" */ = {
			isa = XCConfigurationList;
			buildConfigurations = (
				219052591BEEA92400171B2D /* Debug */,
				2190525A1BEEA92400171B2D /* Release */,
			);
			defaultConfigurationIsVisible = 0;
		};
/* End XCConfigurationList section */
	};
	rootObject = 2190522E1BEEA92400171B2D /* Project object */;
}
